// !$*UTF8*$!
{
	archiveVersion = 1;
	classes = {
	};
	objectVersion = 77;
	objects = {

/* Begin PBXContainerItemProxy section */
		43E423E12F1FCEFD00B6D5BA /* PBXContainerItemProxy */ = {
			isa = PBXContainerItemProxy;
			containerPortal = 43E423C22F1FCEFB00B6D5BA /* Project object */;
			proxyType = 1;
			remoteGlobalIDString = 43E423C92F1FCEFB00B6D5BA;
			remoteInfo = RegisterAPP;
		};
		43E423EB2F1FCEFD00B6D5BA /* PBXContainerItemProxy */ = {
			isa = PBXContainerItemProxy;
			containerPortal = 43E423C22F1FCEFB00B6D5BA /* Project object */;
			proxyType = 1;
			remoteGlobalIDString = 43E423C92F1FCEFB00B6D5BA;
			remoteInfo = RegisterAPP;
		};
/* End PBXContainerItemProxy section */

/* Begin PBXFileReference section */
		43E423CA2F1FCEFB00B6D5BA /* RegisterAPP.app */ = {isa = PBXFileReference; explicitFileType = wrapper.application; includeInIndex = 0; path = RegisterAPP.app; sourceTree = BUILT_PRODUCTS_DIR; };
		43E423E02F1FCEFD00B6D5BA /* RegisterAPPTests.xctest */ = {isa = PBXFileReference; explicitFileType = wrapper.cfbundle; includeInIndex = 0; path = RegisterAPPTests.xctest; sourceTree = BUILT_PRODUCTS_DIR; };
		43E423EA2F1FCEFD00B6D5BA /* RegisterAPPUITests.xctest */ = {isa = PBXFileReference; explicitFileType = wrapper.cfbundle; includeInIndex = 0; path = RegisterAPPUITests.xctest; sourceTree = BUILT_PRODUCTS_DIR; };
/* End PBXFileReference section */

/* Begin PBXFileSystemSynchronizedBuildFileExceptionSet section */
		43E423F22F1FCEFD00B6D5BA /* Exceptions for "RegisterAPP" folder in "RegisterAPP" target */ = {
			isa = PBXFileSystemSynchronizedBuildFileExceptionSet;
			membershipExceptions = (
				Info.plist,
			);
			target = 43E423C92F1FCEFB00B6D5BA /* RegisterAPP */;
		};
		43E424002F1FE28B00B6D5BA /* Exceptions for "RegisterAPPUITests" folder in "RegisterAPP" target */ = {
			isa = PBXFileSystemSynchronizedBuildFileExceptionSet;
			membershipExceptions = (
				README.md,
			);
			target = 43E423C92F1FCEFB00B6D5BA /* RegisterAPP */;
		};
		43E424012F1FE28B00B6D5BA /* Exceptions for "RegisterAPPUITests" folder in "RegisterAPPUITests" target */ = {
			isa = PBXFileSystemSynchronizedBuildFileExceptionSet;
			membershipExceptions = (
				README.md,
			);
			target = 43E423E92F1FCEFD00B6D5BA /* RegisterAPPUITests */;
		};
/* End PBXFileSystemSynchronizedBuildFileExceptionSet section */

/* Begin PBXFileSystemSynchronizedRootGroup section */
		43E423CC2F1FCEFB00B6D5BA /* RegisterAPP */ = {
			isa = PBXFileSystemSynchronizedRootGroup;
			exceptions = (
				43E423F22F1FCEFD00B6D5BA /* Exceptions for "RegisterAPP" folder in "RegisterAPP" target */,
			);
			path = RegisterAPP;
			sourceTree = "<group>";
		};
		43E423E32F1FCEFD00B6D5BA /* RegisterAPPTests */ = {
			isa = PBXFileSystemSynchronizedRootGroup;
			path = RegisterAPPTests;
			sourceTree = "<group>";
		};
		43E423ED2F1FCEFD00B6D5BA /* RegisterAPPUITests */ = {
			isa = PBXFileSystemSynchronizedRootGroup;
			exceptions = (
				43E424002F1FE28B00B6D5BA /* Exceptions for "RegisterAPPUITests" folder in "RegisterAPP" target */,
				43E424012F1FE28B00B6D5BA /* Exceptions for "RegisterAPPUITests" folder in "RegisterAPPUITests" target */,
			);
			path = RegisterAPPUITests;
			sourceTree = "<group>";
		};
/* End PBXFileSystemSynchronizedRootGroup section */

/* Begin PBXFrameworksBuildPhase section */
		43E423C72F1FCEFB00B6D5BA /* Frameworks */ = {
			isa = PBXFrameworksBuildPhase;
			buildActionMask = 2147483647;
			files = (
			);
			runOnlyForDeploymentPostprocessing = 0;
		};
		43E423DD2F1FCEFD00B6D5BA /* Frameworks */ = {
			isa = PBXFrameworksBuildPhase;
			buildActionMask = 2147483647;
			files = (
			);
			runOnlyForDeploymentPostprocessing = 0;
		};
		43E423E72F1FCEFD00B6D5BA /* Frameworks */ = {
			isa = PBXFrameworksBuildPhase;
			buildActionMask = 2147483647;
			files = (
			);
			runOnlyForDeploymentPostprocessing = 0;
		};
/* End PBXFrameworksBuildPhase section */

/* Begin PBXGroup section */
		43E423C12F1FCEFB00B6D5BA = {
			isa = PBXGroup;
			children = (
				43E423CC2F1FCEFB00B6D5BA /* RegisterAPP */,
				43E423E32F1FCEFD00B6D5BA /* RegisterAPPTests */,
				43E423ED2F1FCEFD00B6D5BA /* RegisterAPPUITests */,
				43E423CB2F1FCEFB00B6D5BA /* Products */,
			);
			sourceTree = "<group>";
		};
		43E423CB2F1FCEFB00B6D5BA /* Products */ = {
			isa = PBXGroup;
			children = (
				43E423CA2F1FCEFB00B6D5BA /* RegisterAPP.app */,
				43E423E02F1FCEFD00B6D5BA /* RegisterAPPTests.xctest */,
				43E423EA2F1FCEFD00B6D5BA /* RegisterAPPUITests.xctest */,
			);
			name = Products;
			sourceTree = "<group>";
		};
/* End PBXGroup section */

/* Begin PBXNativeTarget section */
		43E423C92F1FCEFB00B6D5BA /* RegisterAPP */ = {
			isa = PBXNativeTarget;
			buildConfigurationList = 43E423F32F1FCEFD00B6D5BA /* Build configuration list for PBXNativeTarget "RegisterAPP" */;
			buildPhases = (
				43E423C62F1FCEFB00B6D5BA /* Sources */,
				43E423C72F1FCEFB00B6D5BA /* Frameworks */,
				43E423C82F1FCEFB00B6D5BA /* Resources */,
			);
			buildRules = (
			);
			dependencies = (
			);
			fileSystemSynchronizedGroups = (
				43E423CC2F1FCEFB00B6D5BA /* RegisterAPP */,
			);
			name = RegisterAPP;
			packageProductDependencies = (
			);
			productName = RegisterAPP;
			productReference = 43E423CA2F1FCEFB00B6D5BA /* RegisterAPP.app */;
			productType = "com.apple.product-type.application";
		};
		43E423DF2F1FCEFD00B6D5BA /* RegisterAPPTests */ = {
			isa = PBXNativeTarget;
			buildConfigurationList = 43E423F82F1FCEFD00B6D5BA /* Build configuration list for PBXNativeTarget "RegisterAPPTests" */;
			buildPhases = (
				43E423DC2F1FCEFD00B6D5BA /* Sources */,
				43E423DD2F1FCEFD00B6D5BA /* Frameworks */,
				43E423DE2F1FCEFD00B6D5BA /* Resources */,
			);
			buildRules = (
			);
			dependencies = (
				43E423E22F1FCEFD00B6D5BA /* PBXTargetDependency */,
			);
			fileSystemSynchronizedGroups = (
				43E423E32F1FCEFD00B6D5BA /* RegisterAPPTests */,
			);
			name = RegisterAPPTests;
			packageProductDependencies = (
			);
			productName = RegisterAPPTests;
			productReference = 43E423E02F1FCEFD00B6D5BA /* RegisterAPPTests.xctest */;
			productType = "com.apple.product-type.bundle.unit-test";
		};
		43E423E92F1FCEFD00B6D5BA /* RegisterAPPUITests */ = {
			isa = PBXNativeTarget;
			buildConfigurationList = 43E423FB2F1FCEFD00B6D5BA /* Build configuration list for PBXNativeTarget "RegisterAPPUITests" */;
			buildPhases = (
				43E423E62F1FCEFD00B6D5BA /* Sources */,
				43E423E72F1FCEFD00B6D5BA /* Frameworks */,
				43E423E82F1FCEFD00B6D5BA /* Resources */,
			);
			buildRules = (
			);
			dependencies = (
				43E423EC2F1FCEFD00B6D5BA /* PBXTargetDependency */,
			);
			fileSystemSynchronizedGroups = (
				43E423ED2F1FCEFD00B6D5BA /* RegisterAPPUITests */,
			);
			name = RegisterAPPUITests;
			packageProductDependencies = (
			);
			productName = RegisterAPPUITests;
			productReference = 43E423EA2F1FCEFD00B6D5BA /* RegisterAPPUITests.xctest */;
			productType = "com.apple.product-type.bundle.ui-testing";
		};
/* End PBXNativeTarget section */

/* Begin PBXProject section */
		43E423C22F1FCEFB00B6D5BA /* Project object */ = {
			isa = PBXProject;
			attributes = {
				BuildIndependentTargetsInParallel = 1;
				LastSwiftUpdateCheck = 2620;
				LastUpgradeCheck = 2620;
				TargetAttributes = {
					43E423C92F1FCEFB00B6D5BA = {
						CreatedOnToolsVersion = 26.2;
					};
					43E423DF2F1FCEFD00B6D5BA = {
						CreatedOnToolsVersion = 26.2;
						TestTargetID = 43E423C92F1FCEFB00B6D5BA;
					};
					43E423E92F1FCEFD00B6D5BA = {
						CreatedOnToolsVersion = 26.2;
						TestTargetID = 43E423C92F1FCEFB00B6D5BA;
					};
				};
			};
			buildConfigurationList = 43E423C52F1FCEFB00B6D5BA /* Build configuration list for PBXProject "RegisterAPP" */;
			developmentRegion = en;
			hasScannedForEncodings = 0;
			knownRegions = (
				en,
				Base,
			);
			mainGroup = 43E423C12F1FCEFB00B6D5BA;
			minimizedProjectReferenceProxies = 1;
			preferredProjectObjectVersion = 77;
			productRefGroup = 43E423CB2F1FCEFB00B6D5BA /* Products */;
			projectDirPath = "";
			projectRoot = "";
			targets = (
				43E423C92F1FCEFB00B6D5BA /* RegisterAPP */,
				43E423DF2F1FCEFD00B6D5BA /* RegisterAPPTests */,
				43E423E92F1FCEFD00B6D5BA /* RegisterAPPUITests */,
			);
		};
/* End PBXProject section */

/* Begin PBXResourcesBuildPhase section */
		43E423C82F1FCEFB00B6D5BA /* Resources */ = {
			isa = PBXResourcesBuildPhase;
			buildActionMask = 2147483647;
			files = (
			);
			runOnlyForDeploymentPostprocessing = 0;
		};
		43E423DE2F1FCEFD00B6D5BA /* Resources */ = {
			isa = PBXResourcesBuildPhase;
			buildActionMask = 2147483647;
			files = (
			);
			runOnlyForDeploymentPostprocessing = 0;
		};
		43E423E82F1FCEFD00B6D5BA /* Resources */ = {
			isa = PBXResourcesBuildPhase;
			buildActionMask = 2147483647;
			files = (
			);
			runOnlyForDeploymentPostprocessing = 0;
		};
/* End PBXResourcesBuildPhase section */

/* Begin PBXSourcesBuildPhase section */
		43E423C62F1FCEFB00B6D5BA /* Sources */ = {
			isa = PBXSourcesBuildPhase;
			buildActionMask = 2147483647;
			files = (
			);
			runOnlyForDeploymentPostprocessing = 0;
		};
		43E423DC2F1FCEFD00B6D5BA /* Sources */ = {
			isa = PBXSourcesBuildPhase;
			buildActionMask = 2147483647;
			files = (
			);
			runOnlyForDeploymentPostprocessing = 0;
		};
		43E423E62F1FCEFD00B6D5BA /* Sources */ = {
			isa = PBXSourcesBuildPhase;
			buildActionMask = 2147483647;
			files = (
			);
			runOnlyForDeploymentPostprocessing = 0;
		};
/* End PBXSourcesBuildPhase section */

/* Begin PBXTargetDependency section */
		43E423E22F1FCEFD00B6D5BA /* PBXTargetDependency */ = {
			isa = PBXTargetDependency;
			target = 43E423C92F1FCEFB00B6D5BA /* RegisterAPP */;
			targetProxy = 43E423E12F1FCEFD00B6D5BA /* PBXContainerItemProxy */;
		};
		43E423EC2F1FCEFD00B6D5BA /* PBXTargetDependency */ = {
			isa = PBXTargetDependency;
			target = 43E423C92F1FCEFB00B6D5BA /* RegisterAPP */;
			targetProxy = 43E423EB2F1FCEFD00B6D5BA /* PBXContainerItemProxy */;
		};
/* End PBXTargetDependency section */

/* Begin XCBuildConfiguration section */
		43E423F42F1FCEFD00B6D5BA /* Debug */ = {
			isa = XCBuildConfiguration;
			buildSettings = {
				ASSETCATALOG_COMPILER_APPICON_NAME = AppIcon;
				ASSETCATALOG_COMPILER_GLOBAL_ACCENT_COLOR_NAME = AccentColor;
				CODE_SIGN_STYLE = Automatic;
				CURRENT_PROJECT_VERSION = 1;
				GENERATE_INFOPLIST_FILE = YES;
				INFOPLIST_FILE = RegisterAPP/Info.plist;
				INFOPLIST_KEY_UIApplicationSupportsIndirectInputEvents = YES;
				INFOPLIST_KEY_UILaunchStoryboardName = LaunchScreen;
				INFOPLIST_KEY_UIMainStoryboardFile = Main;
				INFOPLIST_KEY_UISupportedInterfaceOrientations_iPad = "UIInterfaceOrientationPortrait UIInterfaceOrientationPortraitUpsideDown UIInterfaceOrientationLandscapeLeft UIInterfaceOrientationLandscapeRight";
				INFOPLIST_KEY_UISupportedInterfaceOrientations_iPhone = "UIInterfaceOrientationPortrait UIInterfaceOrientationLandscapeLeft UIInterfaceOrientationLandscapeRight";
				LD_RUNPATH_SEARCH_PATHS = (
					"$(inherited)",
					"@executable_path/Frameworks",
				);
				MARKETING_VERSION = 1.0;
				PRODUCT_BUNDLE_IDENTIFIER = com.phantomnota.RegisterAPP;
				PRODUCT_NAME = "$(TARGET_NAME)";
				STRING_CATALOG_GENERATE_SYMBOLS = YES;
				SWIFT_APPROACHABLE_CONCURRENCY = YES;
				SWIFT_DEFAULT_ACTOR_ISOLATION = MainActor;
				SWIFT_EMIT_LOC_STRINGS = YES;
				SWIFT_UPCOMING_FEATURE_MEMBER_IMPORT_VISIBILITY = YES;
				SWIFT_VERSION = 5.0;
				TARGETED_DEVICE_FAMILY = "1,2";
			};
			name = Debug;
		};
		43E423F52F1FCEFD00B6D5BA /* Release */ = {
			isa = XCBuildConfiguration;
			buildSettings = {
				ASSETCATALOG_COMPILER_APPICON_NAME = AppIcon;
				ASSETCATALOG_COMPILER_GLOBAL_ACCENT_COLOR_NAME = AccentColor;
				CODE_SIGN_STYLE = Automatic;
				CURRENT_PROJECT_VERSION = 1;
				GENERATE_INFOPLIST_FILE = YES;
				INFOPLIST_FILE = RegisterAPP/Info.plist;
				INFOPLIST_KEY_UIApplicationSupportsIndirectInputEvents = YES;
				INFOPLIST_KEY_UILaunchStoryboardName = LaunchScreen;
				INFOPLIST_KEY_UIMainStoryboardFile = Main;
				INFOPLIST_KEY_UISupportedInterfaceOrientations_iPad = "UIInterfaceOrientationPortrait UIInterfaceOrientationPortraitUpsideDown UIInterfaceOrientationLandscapeLeft UIInterfaceOrientationLandscapeRight";
				INFOPLIST_KEY_UISupportedInterfaceOrientations_iPhone = "UIInterfaceOrientationPortrait UIInterfaceOrientationLandscapeLeft UIInterfaceOrientationLandscapeRight";
				LD_RUNPATH_SEARCH_PATHS = (
					"$(inherited)",
					"@executable_path/Frameworks",
				);
				MARKETING_VERSION = 1.0;
				PRODUCT_BUNDLE_IDENTIFIER = com.phantomnota.RegisterAPP;
				PRODUCT_NAME = "$(TARGET_NAME)";
				STRING_CATALOG_GENERATE_SYMBOLS = YES;
				SWIFT_APPROACHABLE_CONCURRENCY = YES;
				SWIFT_DEFAULT_ACTOR_ISOLATION = MainActor;
				SWIFT_EMIT_LOC_STRINGS = YES;
				SWIFT_UPCOMING_FEATURE_MEMBER_IMPORT_VISIBILITY = YES;
				SWIFT_VERSION = 5.0;
				TARGETED_DEVICE_FAMILY = "1,2";
			};
			name = Release;
		};
		43E423F62F1FCEFD00B6D5BA /* Debug */ = {
			isa = XCBuildConfiguration;
			buildSettings = {
				ALWAYS_SEARCH_USER_PATHS = NO;
				ASSETCATALOG_COMPILER_GENERATE_SWIFT_ASSET_SYMBOL_EXTENSIONS = YES;
				CLANG_ANALYZER_NONNULL = YES;
				CLANG_ANALYZER_NUMBER_OBJECT_CONVERSION = YES_AGGRESSIVE;
				CLANG_CXX_LANGUAGE_STANDARD = "gnu++20";
				CLANG_ENABLE_MODULES = YES;
				CLANG_ENABLE_OBJC_ARC = YES;
				CLANG_ENABLE_OBJC_WEAK = YES;
				CLANG_WARN_BLOCK_CAPTURE_AUTORELEASING = YES;
				CLANG_WARN_BOOL_CONVERSION = YES;
				CLANG_WARN_COMMA = YES;
				CLANG_WARN_CONSTANT_CONVERSION = YES;
				CLANG_WARN_DEPRECATED_OBJC_IMPLEMENTATIONS = YES;
				CLANG_WARN_DIRECT_OBJC_ISA_USAGE = YES_ERROR;
				CLANG_WARN_DOCUMENTATION_COMMENTS = YES;
				CLANG_WARN_EMPTY_BODY = YES;
				CLANG_WARN_ENUM_CONVERSION = YES;
				CLANG_WARN_INFINITE_RECURSION = YES;
				CLANG_WARN_INT_CONVERSION = YES;
				CLANG_WARN_NON_LITERAL_NULL_CONVERSION = YES;
				CLANG_WARN_OBJC_IMPLICIT_RETAIN_SELF = YES;
				CLANG_WARN_OBJC_LITERAL_CONVERSION = YES;
				CLANG_WARN_OBJC_ROOT_CLASS = YES_ERROR;
				CLANG_WARN_QUOTED_INCLUDE_IN_FRAMEWORK_HEADER = YES;
				CLANG_WARN_RANGE_LOOP_ANALYSIS = YES;
				CLANG_WARN_STRICT_PROTOTYPES = YES;
				CLANG_WARN_SUSPICIOUS_MOVE = YES;
				CLANG_WARN_UNGUARDED_AVAILABILITY = YES_AGGRESSIVE;
				CLANG_WARN_UNREACHABLE_CODE = YES;
				CLANG_WARN__DUPLICATE_METHOD_MATCH = YES;
				COPY_PHASE_STRIP = NO;
				DEBUG_INFORMATION_FORMAT = dwarf;
				ENABLE_STRICT_OBJC_MSGSEND = YES;
				ENABLE_TESTABILITY = YES;
				ENABLE_USER_SCRIPT_SANDBOXING = YES;
				GCC_C_LANGUAGE_STANDARD = gnu17;
				GCC_DYNAMIC_NO_PIC = NO;
				GCC_NO_COMMON_BLOCKS = YES;
				GCC_OPTIMIZATION_LEVEL = 0;
				GCC_PREPROCESSOR_DEFINITIONS = (
					"DEBUG=1",
					"$(inherited)",
				);
				GCC_WARN_64_TO_32_BIT_CONVERSION = YES;
				GCC_WARN_ABOUT_RETURN_TYPE = YES_ERROR;
				GCC_WARN_UNDECLARED_SELECTOR = YES;
				GCC_WARN_UNINITIALIZED_AUTOS = YES_AGGRESSIVE;
				GCC_WARN_UNUSED_FUNCTION = YES;
				GCC_WARN_UNUSED_VARIABLE = YES;
				IPHONEOS_DEPLOYMENT_TARGET = 26.2;
				LOCALIZATION_PREFERS_STRING_CATALOGS = YES;
				MTL_ENABLE_DEBUG_INFO = INCLUDE_SOURCE;
				MTL_FAST_MATH = YES;
				ONLY_ACTIVE_ARCH = YES;
				SDKROOT = iphoneos;
				SWIFT_ACTIVE_COMPILATION_CONDITIONS = "DEBUG $(inherited)";
				SWIFT_OPTIMIZATION_LEVEL = "-Onone";
			};
			name = Debug;
		};
		43E423F72F1FCEFD00B6D5BA /* Release */ = {
			isa = XCBuildConfiguration;
			buildSettings = {
				ALWAYS_SEARCH_USER_PATHS = NO;
				ASSETCATALOG_COMPILER_GENERATE_SWIFT_ASSET_SYMBOL_EXTENSIONS = YES;
				CLANG_ANALYZER_NONNULL = YES;
				CLANG_ANALYZER_NUMBER_OBJECT_CONVERSION = YES_AGGRESSIVE;
				CLANG_CXX_LANGUAGE_STANDARD = "gnu++20";
				CLANG_ENABLE_MODULES = YES;
				CLANG_ENABLE_OBJC_ARC = YES;
				CLANG_ENABLE_OBJC_WEAK = YES;
				CLANG_WARN_BLOCK_CAPTURE_AUTORELEASING = YES;
				CLANG_WARN_BOOL_CONVERSION = YES;
				CLANG_WARN_COMMA = YES;
				CLANG_WARN_CONSTANT_CONVERSION = YES;
				CLANG_WARN_DEPRECATED_OBJC_IMPLEMENTATIONS = YES;
				CLANG_WARN_DIRECT_OBJC_ISA_USAGE = YES_ERROR;
				CLANG_WARN_DOCUMENTATION_COMMENTS = YES;
				CLANG_WARN_EMPTY_BODY = YES;
				CLANG_WARN_ENUM_CONVERSION = YES;
				CLANG_WARN_INFINITE_RECURSION = YES;
				CLANG_WARN_INT_CONVERSION = YES;
				CLANG_WARN_NON_LITERAL_NULL_CONVERSION = YES;
				CLANG_WARN_OBJC_IMPLICIT_RETAIN_SELF = YES;
				CLANG_WARN_OBJC_LITERAL_CONVERSION = YES;
				CLANG_WARN_OBJC_ROOT_CLASS = YES_ERROR;
				CLANG_WARN_QUOTED_INCLUDE_IN_FRAMEWORK_HEADER = YES;
				CLANG_WARN_RANGE_LOOP_ANALYSIS = YES;
				CLANG_WARN_STRICT_PROTOTYPES = YES;
				CLANG_WARN_SUSPICIOUS_MOVE = YES;
				CLANG_WARN_UNGUARDED_AVAILABILITY = YES_AGGRESSIVE;
				CLANG_WARN_UNREACHABLE_CODE = YES;
				CLANG_WARN__DUPLICATE_METHOD_MATCH = YES;
				COPY_PHASE_STRIP = NO;
				DEBUG_INFORMATION_FORMAT = "dwarf-with-dsym";
				ENABLE_NS_ASSERTIONS = NO;
				ENABLE_STRICT_OBJC_MSGSEND = YES;
				ENABLE_USER_SCRIPT_SANDBOXING = YES;
				GCC_C_LANGUAGE_STANDARD = gnu17;
				GCC_NO_COMMON_BLOCKS = YES;
				GCC_WARN_64_TO_32_BIT_CONVERSION = YES;
				GCC_WARN_ABOUT_RETURN_TYPE = YES_ERROR;
				GCC_WARN_UNDECLARED_SELECTOR = YES;
				GCC_WARN_UNINITIALIZED_AUTOS = YES_AGGRESSIVE;
				GCC_WARN_UNUSED_FUNCTION = YES;
				GCC_WARN_UNUSED_VARIABLE = YES;
				IPHONEOS_DEPLOYMENT_TARGET = 26.2;
				LOCALIZATION_PREFERS_STRING_CATALOGS = YES;
				MTL_ENABLE_DEBUG_INFO = NO;
				MTL_FAST_MATH = YES;
				SDKROOT = iphoneos;
				SWIFT_COMPILATION_MODE = wholemodule;
				VALIDATE_PRODUCT = YES;
			};
			name = Release;
		};
		43E423F92F1FCEFD00B6D5BA /* Debug */ = {
			isa = XCBuildConfiguration;
			buildSettings = {
				BUNDLE_LOADER = "$(TEST_HOST)";
				CODE_SIGN_STYLE = Automatic;
				CURRENT_PROJECT_VERSION = 1;
				GENERATE_INFOPLIST_FILE = YES;
				IPHONEOS_DEPLOYMENT_TARGET = 26.2;
				MARKETING_VERSION = 1.0;
				PRODUCT_BUNDLE_IDENTIFIER = com.phantomnota.RegisterAPPTests;
				PRODUCT_NAME = "$(TARGET_NAME)";
				STRING_CATALOG_GENERATE_SYMBOLS = NO;
				SWIFT_APPROACHABLE_CONCURRENCY = YES;
				SWIFT_EMIT_LOC_STRINGS = NO;
				SWIFT_UPCOMING_FEATURE_MEMBER_IMPORT_VISIBILITY = YES;
				SWIFT_VERSION = 5.0;
				TARGETED_DEVICE_FAMILY = "1,2";
				TEST_HOST = "$(BUILT_PRODUCTS_DIR)/RegisterAPP.app/$(BUNDLE_EXECUTABLE_FOLDER_PATH)/RegisterAPP";
			};
			name = Debug;
		};
		43E423FA2F1FCEFD00B6D5BA /* Release */ = {
			isa = XCBuildConfiguration;
			buildSettings = {
				BUNDLE_LOADER = "$(TEST_HOST)";
				CODE_SIGN_STYLE = Automatic;
				CURRENT_PROJECT_VERSION = 1;
				GENERATE_INFOPLIST_FILE = YES;
				IPHONEOS_DEPLOYMENT_TARGET = 26.2;
				MARKETING_VERSION = 1.0;
				PRODUCT_BUNDLE_IDENTIFIER = com.phantomnota.RegisterAPPTests;
				PRODUCT_NAME = "$(TARGET_NAME)";
				STRING_CATALOG_GENERATE_SYMBOLS = NO;
				SWIFT_APPROACHABLE_CONCURRENCY = YES;
				SWIFT_EMIT_LOC_STRINGS = NO;
				SWIFT_UPCOMING_FEATURE_MEMBER_IMPORT_VISIBILITY = YES;
				SWIFT_VERSION = 5.0;
				TARGETED_DEVICE_FAMILY = "1,2";
				TEST_HOST = "$(BUILT_PRODUCTS_DIR)/RegisterAPP.app/$(BUNDLE_EXECUTABLE_FOLDER_PATH)/RegisterAPP";
			};
			name = Release;
		};
		43E423FC2F1FCEFD00B6D5BA /* Debug */ = {
			isa = XCBuildConfiguration;
			buildSettings = {
				CODE_SIGN_STYLE = Automatic;
				CURRENT_PROJECT_VERSION = 1;
				GENERATE_INFOPLIST_FILE = YES;
				MARKETING_VERSION = 1.0;
				PRODUCT_BUNDLE_IDENTIFIER = com.phantomnota.RegisterAPPUITests;
				PRODUCT_NAME = "$(TARGET_NAME)";
				STRING_CATALOG_GENERATE_SYMBOLS = NO;
				SWIFT_APPROACHABLE_CONCURRENCY = YES;
				SWIFT_EMIT_LOC_STRINGS = NO;
				SWIFT_UPCOMING_FEATURE_MEMBER_IMPORT_VISIBILITY = YES;
				SWIFT_VERSION = 5.0;
				TARGETED_DEVICE_FAMILY = "1,2";
				TEST_TARGET_NAME = RegisterAPP;
			};
			name = Debug;
		};
		43E423FD2F1FCEFD00B6D5BA /* Release */ = {
			isa = XCBuildConfiguration;
			buildSettings = {
				CODE_SIGN_STYLE = Automatic;
				CURRENT_PROJECT_VERSION = 1;
				GENERATE_INFOPLIST_FILE = YES;
				MARKETING_VERSION = 1.0;
				PRODUCT_BUNDLE_IDENTIFIER = com.phantomnota.RegisterAPPUITests;
				PRODUCT_NAME = "$(TARGET_NAME)";
				STRING_CATALOG_GENERATE_SYMBOLS = NO;
				SWIFT_APPROACHABLE_CONCURRENCY = YES;
				SWIFT_EMIT_LOC_STRINGS = NO;
				SWIFT_UPCOMING_FEATURE_MEMBER_IMPORT_VISIBILITY = YES;
				SWIFT_VERSION = 5.0;
				TARGETED_DEVICE_FAMILY = "1,2";
				TEST_TARGET_NAME = RegisterAPP;
			};
			name = Release;
		};
/* End XCBuildConfiguration section */

/* Begin XCConfigurationList section */
		43E423C52F1FCEFB00B6D5BA /* Build configuration list for PBXProject "RegisterAPP" */ = {
			isa = XCConfigurationList;
			buildConfigurations = (
				43E423F62F1FCEFD00B6D5BA /* Debug */,
				43E423F72F1FCEFD00B6D5BA /* Release */,
			);
			defaultConfigurationIsVisible = 0;
			defaultConfigurationName = Release;
		};
		43E423F32F1FCEFD00B6D5BA /* Build configuration list for PBXNativeTarget "RegisterAPP" */ = {
			isa = XCConfigurationList;
			buildConfigurations = (
				43E423F42F1FCEFD00B6D5BA /* Debug */,
				43E423F52F1FCEFD00B6D5BA /* Release */,
			);
			defaultConfigurationIsVisible = 0;
			defaultConfigurationName = Release;
		};
		43E423F82F1FCEFD00B6D5BA /* Build configuration list for PBXNativeTarget "RegisterAPPTests" */ = {
			isa = XCConfigurationList;
			buildConfigurations = (
				43E423F92F1FCEFD00B6D5BA /* Debug */,
				43E423FA2F1FCEFD00B6D5BA /* Release */,
			);
			defaultConfigurationIsVisible = 0;
			defaultConfigurationName = Release;
		};
		43E423FB2F1FCEFD00B6D5BA /* Build configuration list for PBXNativeTarget "RegisterAPPUITests" */ = {
			isa = XCConfigurationList;
			buildConfigurations = (
				43E423FC2F1FCEFD00B6D5BA /* Debug */,
				43E423FD2F1FCEFD00B6D5BA /* Release */,
			);
			defaultConfigurationIsVisible = 0;
			defaultConfigurationName = Release;
		};
/* End XCConfigurationList section */
	};
	rootObject = 43E423C22F1FCEFB00B6D5BA /* Project object */;
}
